
Microsoft Visual Studio Solution File, Format Version 12.00
# Visual Studio Version 17
VisualStudioVersion = 17.9.34701.34
MinimumVisualStudioVersion = 10.0.40219.1
Project("{9A19103F-16F7-4668-BE54-9A1E7A4F7556}") = "Prog7311POE", "Prog7311POE\Prog7311POE.csproj", "{D4CF542F-F502-4B55-AD5E-57D98B486401}"
EndProject
Global
	GlobalSection(SolutionConfigurationPlatforms) = preSolution
		Debug|Any CPU = Debug|Any CPU
		Release|Any CPU = Release|Any CPU
	EndGlobalSection
	GlobalSection(ProjectConfigurationPlatforms) = postSolution
		{D4CF542F-F502-4B55-AD5E-57D98B486401}.Debug|Any CPU.ActiveCfg = Debug|Any CPU
		{D4CF542F-F502-4B55-AD5E-57D98B486401}.Debug|Any CPU.Build.0 = Debug|Any CPU
		{D4CF542F-F502-4B55-AD5E-57D98B486401}.Release|Any CPU.ActiveCfg = Release|Any CPU
		{D4CF542F-F502-4B55-AD5E-57D98B486401}.Release|Any CPU.Build.0 = Release|Any CPU
	EndGlobalSection
	GlobalSection(SolutionProperties) = preSolution
		HideSolutionNode = FALSE
	EndGlobalSection
	GlobalSection(ExtensibilityGlobals) = postSolution
		SolutionGuid = {FF825BAA-F70A-4915-A28D-CAD1B68D8341}
	EndGlobalSection
EndGlobal
